
Microsoft Visual Studio Solution File, Format Version 12.00
# Visual Studio Version 17
VisualStudioVersion = 17.5.002.0
MinimumVisualStudioVersion = 10.0.40219.1
Project("{9A19103F-16F7-4668-BE54-9A1E7A4F7556}") = "AppLogger", "AppLogger\AppLogger.csproj", "{94ECAE97-4BB5-49F7-84F5-E3AB62DF7963}"
EndProject
Project("{9A19103F-16F7-4668-BE54-9A1E7A4F7556}") = "DesignPattern.console", "DesignPattern.console\DesignPattern.console.csproj", "{FF7C619B-5FE1-4D96-A76E-9FF45E77E514}"
EndProject
Project("{9A19103F-16F7-4668-BE54-9A1E7A4F7556}") = "DesignPatterns.Factory", "DesignPatterns.Factory\DesignPatterns.Factory.csproj", "{6206872A-4B64-4491-89D1-F2DFFDB6D724}"
EndProject
Project("{FAE04EC0-301F-11D3-BF4B-00C04F79EFBC}") = "DecoratorDesignPattern", "DecoratorDesignPattern\DecoratorDesignPattern.csproj", "{8C97BAEC-296A-4E67-9FA0-3B7EBCFC8D0E}"
EndProject
Project("{FAE04EC0-301F-11D3-BF4B-00C04F79EFBC}") = "DesignPattern.Observer", "DesignPattern.Observer\DesignPattern.Observer.csproj", "{364BBB0C-1F97-4B8C-89DF-C1808B30BF4D}"
EndProject
Project("{FAE04EC0-301F-11D3-BF4B-00C04F79EFBC}") = "StringLibrary", "StringLibrary\StringLibrary.csproj", "{A863033D-3B81-495B-AFF0-A5E2C0DD55B9}"
EndProject
Project("{FAE04EC0-301F-11D3-BF4B-00C04F79EFBC}") = "ShowCase", "ShowCase\ShowCase.csproj", "{28AC1C7B-E8AD-45E3-9418-F482B01F2779}"
EndProject
Global
	GlobalSection(SolutionConfigurationPlatforms) = preSolution
		Debug|Any CPU = Debug|Any CPU
		Release|Any CPU = Release|Any CPU
	EndGlobalSection
	GlobalSection(ProjectConfigurationPlatforms) = postSolution
		{94ECAE97-4BB5-49F7-84F5-E3AB62DF7963}.Debug|Any CPU.ActiveCfg = Debug|Any CPU
		{94ECAE97-4BB5-49F7-84F5-E3AB62DF7963}.Debug|Any CPU.Build.0 = Debug|Any CPU
		{94ECAE97-4BB5-49F7-84F5-E3AB62DF7963}.Release|Any CPU.ActiveCfg = Release|Any CPU
		{94ECAE97-4BB5-49F7-84F5-E3AB62DF7963}.Release|Any CPU.Build.0 = Release|Any CPU
		{FF7C619B-5FE1-4D96-A76E-9FF45E77E514}.Debug|Any CPU.ActiveCfg = Debug|Any CPU
		{FF7C619B-5FE1-4D96-A76E-9FF45E77E514}.Debug|Any CPU.Build.0 = Debug|Any CPU
		{FF7C619B-5FE1-4D96-A76E-9FF45E77E514}.Release|Any CPU.ActiveCfg = Release|Any CPU
		{FF7C619B-5FE1-4D96-A76E-9FF45E77E514}.Release|Any CPU.Build.0 = Release|Any CPU
		{6206872A-4B64-4491-89D1-F2DFFDB6D724}.Debug|Any CPU.ActiveCfg = Debug|Any CPU
		{6206872A-4B64-4491-89D1-F2DFFDB6D724}.Debug|Any CPU.Build.0 = Debug|Any CPU
		{6206872A-4B64-4491-89D1-F2DFFDB6D724}.Release|Any CPU.ActiveCfg = Release|Any CPU
		{6206872A-4B64-4491-89D1-F2DFFDB6D724}.Release|Any CPU.Build.0 = Release|Any CPU
		{8C97BAEC-296A-4E67-9FA0-3B7EBCFC8D0E}.Debug|Any CPU.ActiveCfg = Debug|Any CPU
		{8C97BAEC-296A-4E67-9FA0-3B7EBCFC8D0E}.Debug|Any CPU.Build.0 = Debug|Any CPU
		{8C97BAEC-296A-4E67-9FA0-3B7EBCFC8D0E}.Release|Any CPU.ActiveCfg = Release|Any CPU
		{8C97BAEC-296A-4E67-9FA0-3B7EBCFC8D0E}.Release|Any CPU.Build.0 = Release|Any CPU
		{364BBB0C-1F97-4B8C-89DF-C1808B30BF4D}.Debug|Any CPU.ActiveCfg = Debug|Any CPU
		{364BBB0C-1F97-4B8C-89DF-C1808B30BF4D}.Debug|Any CPU.Build.0 = Debug|Any CPU
		{364BBB0C-1F97-4B8C-89DF-C1808B30BF4D}.Release|Any CPU.ActiveCfg = Release|Any CPU
		{364BBB0C-1F97-4B8C-89DF-C1808B30BF4D}.Release|Any CPU.Build.0 = Release|Any CPU
		{A863033D-3B81-495B-AFF0-A5E2C0DD55B9}.Debug|Any CPU.ActiveCfg = Debug|Any CPU
		{A863033D-3B81-495B-AFF0-A5E2C0DD55B9}.Debug|Any CPU.Build.0 = Debug|Any CPU
		{A863033D-3B81-495B-AFF0-A5E2C0DD55B9}.Release|Any CPU.ActiveCfg = Release|Any CPU
		{A863033D-3B81-495B-AFF0-A5E2C0DD55B9}.Release|Any CPU.Build.0 = Release|Any CPU
		{28AC1C7B-E8AD-45E3-9418-F482B01F2779}.Debug|Any CPU.ActiveCfg = Debug|Any CPU
		{28AC1C7B-E8AD-45E3-9418-F482B01F2779}.Debug|Any CPU.Build.0 = Debug|Any CPU
		{28AC1C7B-E8AD-45E3-9418-F482B01F2779}.Release|Any CPU.ActiveCfg = Release|Any CPU
		{28AC1C7B-E8AD-45E3-9418-F482B01F2779}.Release|Any CPU.Build.0 = Release|Any CPU
	EndGlobalSection
	GlobalSection(SolutionProperties) = preSolution
		HideSolutionNode = FALSE
	EndGlobalSection
	GlobalSection(ExtensibilityGlobals) = postSolution
		SolutionGuid = {AC7742AC-89CC-4E01-B877-FE6FC527733C}
	EndGlobalSection
EndGlobal
